
Microsoft Visual Studio Solution File, Format Version 12.00
# Visual Studio 2012
Project("{FAE04EC0-301F-11D3-BF4B-00C04F79EFBC}") = "CateringApplication", "CateringApplication\CateringApplication.csproj", "{99CC3D28-1F0A-4111-9611-62009EF8814B}"
EndProject
Project("{FAE04EC0-301F-11D3-BF4B-00C04F79EFBC}") = "CateringApplication.Tests", "CateringApplication.Tests\CateringApplication.Tests.csproj", "{2F852AD2-6844-45C6-8B83-875D4BC0B41D}"
EndProject
Global
	GlobalSection(SolutionConfigurationPlatforms) = preSolution
		Debug|Any CPU = Debug|Any CPU
		Release|Any CPU = Release|Any CPU
	EndGlobalSection
	GlobalSection(ProjectConfigurationPlatforms) = postSolution
		{99CC3D28-1F0A-4111-9611-62009EF8814B}.Debug|Any CPU.ActiveCfg = Debug|Any CPU
		{99CC3D28-1F0A-4111-9611-62009EF8814B}.Debug|Any CPU.Build.0 = Debug|Any CPU
		{99CC3D28-1F0A-4111-9611-62009EF8814B}.Release|Any CPU.ActiveCfg = Release|Any CPU
		{99CC3D28-1F0A-4111-9611-62009EF8814B}.Release|Any CPU.Build.0 = Release|Any CPU
		{2F852AD2-6844-45C6-8B83-875D4BC0B41D}.Debug|Any CPU.ActiveCfg = Debug|Any CPU
		{2F852AD2-6844-45C6-8B83-875D4BC0B41D}.Debug|Any CPU.Build.0 = Debug|Any CPU
		{2F852AD2-6844-45C6-8B83-875D4BC0B41D}.Release|Any CPU.ActiveCfg = Release|Any CPU
		{2F852AD2-6844-45C6-8B83-875D4BC0B41D}.Release|Any CPU.Build.0 = Release|Any CPU
	EndGlobalSection
	GlobalSection(SolutionProperties) = preSolution
		HideSolutionNode = FALSE
	EndGlobalSection
EndGlobal
